version = 1
revision = 3
requires-python = ">=3.12"

[[package]]
name = "devops-order-system"
version = "0.1.0"
source = { virtual = "." }
dependencies = [
    { name = "prometheus-client" },
]

[package.dev-dependencies]
dev = [
    { name = "prometheus-client" },
]

[package.metadata]
requires-dist = [{ name = "prometheus-client", specifier = ">=0.24.1" }]

[package.metadata.requires-dev]
dev = [{ name = "prometheus-client", specifier = ">=0.24.1" }]

[[package]]
name = "prometheus-client"
version = "0.24.1"
source = { registry = "https://pypi.org/simple" }
sdist = { url = "https://files.pythonhosted.org/packages/f0/58/a794d23feb6b00fc0c72787d7e87d872a6730dd9ed7c7b3e954637d8f280/prometheus_client-0.24.1.tar.gz", hash = "sha256:7e0ced7fbbd40f7b84962d5d2ab6f17ef88a72504dcf7c0b40737b43b2a461f9", size = 85616, upload-time = "2026-01-14T15:26:26.965Z" }
wheels = [
    { url = "https://files.pythonhosted.org/packages/74/c3/24a2f845e3917201628ecaba4f18bab4d18a337834c1df2a159ee9d22a42/prometheus_client-0.24.1-py3-none-any.whl", hash = "sha256:150db128af71a5c2482b36e588fc8a6b95e498750da4b17065947c16070f4055", size = 64057, upload-time = "2026-01-14T15:26:24.42Z" },
]
